// !$*UTF8*$!
{
	archiveVersion = 1;
	classes = {
	};
	objectVersion = 77;
	objects = {

/* Begin PBXBuildFile section */
		B50C39AE2F625C2A00A1597E /* Supabase in Frameworks */ = {isa = PBXBuildFile; productRef = B50C39AD2F625C2A00A1597E /* Supabase */; };
		B5A6F03F2F66FEB200B2B2D7 /* WidgetKit.framework in Frameworks */ = {isa = PBXBuildFile; fileRef = B5A6F03E2F66FEB200B2B2D7 /* WidgetKit.framework */; };
		B5A6F0412F66FEB200B2B2D7 /* SwiftUI.framework in Frameworks */ = {isa = PBXBuildFile; fileRef = B5A6F0402F66FEB200B2B2D7 /* SwiftUI.framework */; };
		B5A6F0522F66FEB200B2B2D7 /* YeongeohajaWidgetExtension.appex in Embed Foundation Extensions */ = {isa = PBXBuildFile; fileRef = B5A6F03C2F66FEB200B2B2D7 /* YeongeohajaWidgetExtension.appex */; settings = {ATTRIBUTES = (RemoveHeadersOnCopy, ); }; };
		B5DB12922F65C4F000A0599A /* FirebaseAnalytics in Frameworks */ = {isa = PBXBuildFile; productRef = B5DB12912F65C4F000A0599A /* FirebaseAnalytics */; };
		B5F5E4852F6D799C0075D91A /* GoogleSignIn in Frameworks */ = {isa = PBXBuildFile; productRef = B5F5E4842F6D799C0075D91A /* GoogleSignIn */; };
		B5F5E66D2F6D847E0075D91A /* GoogleMobileAds in Frameworks */ = {isa = PBXBuildFile; productRef = B5F5E66C2F6D847E0075D91A /* GoogleMobileAds */; };
/* End PBXBuildFile section */

/* Begin PBXContainerItemProxy section */
		B558E0C72F623EEF00A126B5 /* PBXContainerItemProxy */ = {
			isa = PBXContainerItemProxy;
			containerPortal = B558E0B12F623EEE00A126B5 /* Project object */;
			proxyType = 1;
			remoteGlobalIDString = B558E0B82F623EEE00A126B5;
			remoteInfo = endlingo;
		};
		B558E0D12F623EEF00A126B5 /* PBXContainerItemProxy */ = {
			isa = PBXContainerItemProxy;
			containerPortal = B558E0B12F623EEE00A126B5 /* Project object */;
			proxyType = 1;
			remoteGlobalIDString = B558E0B82F623EEE00A126B5;
			remoteInfo = endlingo;
		};
		B5A6F0502F66FEB200B2B2D7 /* PBXContainerItemProxy */ = {
			isa = PBXContainerItemProxy;
			containerPortal = B558E0B12F623EEE00A126B5 /* Project object */;
			proxyType = 1;
			remoteGlobalIDString = B5A6F03B2F66FEB200B2B2D7;
			remoteInfo = YeongeohajaWidgetExtension;
		};
/* End PBXContainerItemProxy section */

/* Begin PBXCopyFilesBuildPhase section */
		B5A6F0532F66FEB200B2B2D7 /* Embed Foundation Extensions */ = {
			isa = PBXCopyFilesBuildPhase;
			buildActionMask = 2147483647;
			dstPath = "";
			dstSubfolderSpec = 13;
			files = (
				B5A6F0522F66FEB200B2B2D7 /* YeongeohajaWidgetExtension.appex in Embed Foundation Extensions */,
			);
			name = "Embed Foundation Extensions";
			runOnlyForDeploymentPostprocessing = 0;
		};
/* End PBXCopyFilesBuildPhase section */

/* Begin PBXFileReference section */
		B558E0B92F623EEE00A126B5 /* endlingo.app */ = {isa = PBXFileReference; explicitFileType = wrapper.application; includeInIndex = 0; path = endlingo.app; sourceTree = BUILT_PRODUCTS_DIR; };
		B558E0C62F623EEF00A126B5 /* endlingoTests.xctest */ = {isa = PBXFileReference; explicitFileType = wrapper.cfbundle; includeInIndex = 0; path = endlingoTests.xctest; sourceTree = BUILT_PRODUCTS_DIR; };
		B558E0D02F623EEF00A126B5 /* endlingoUITests.xctest */ = {isa = PBXFileReference; explicitFileType = wrapper.cfbundle; includeInIndex = 0; path = endlingoUITests.xctest; sourceTree = BUILT_PRODUCTS_DIR; };
		B5A6F03C2F66FEB200B2B2D7 /* YeongeohajaWidgetExtension.appex */ = {isa = PBXFileReference; explicitFileType = "wrapper.app-extension"; includeInIndex = 0; path = YeongeohajaWidgetExtension.appex; sourceTree = BUILT_PRODUCTS_DIR; };
		B5A6F03E2F66FEB200B2B2D7 /* WidgetKit.framework */ = {isa = PBXFileReference; lastKnownFileType = wrapper.framework; name = WidgetKit.framework; path = System/Library/Frameworks/WidgetKit.framework; sourceTree = SDKROOT; };
		B5A6F0402F66FEB200B2B2D7 /* SwiftUI.framework */ = {isa = PBXFileReference; lastKnownFileType = wrapper.framework; name = SwiftUI.framework; path = System/Library/Frameworks/SwiftUI.framework; sourceTree = SDKROOT; };
		B5A6F0592F66FF8200B2B2D7 /* YeongeohajaWidgetExtension.entitlements */ = {isa = PBXFileReference; lastKnownFileType = text.plist.entitlements; path = YeongeohajaWidgetExtension.entitlements; sourceTree = "<group>"; };
/* End PBXFileReference section */

/* Begin PBXFileSystemSynchronizedBuildFileExceptionSet section */
		B50C39C52F627ED000A1597E /* Exceptions for "endlingo" folder in "endlingo" target */ = {
			isa = PBXFileSystemSynchronizedBuildFileExceptionSet;
			membershipExceptions = (
				Info.plist,
			);
			target = B558E0B82F623EEE00A126B5 /* endlingo */;
		};
		B5A6F0572F66FEB200B2B2D7 /* Exceptions for "YeongeohajaWidget" folder in "YeongeohajaWidgetExtension" target */ = {
			isa = PBXFileSystemSynchronizedBuildFileExceptionSet;
			membershipExceptions = (
				Info.plist,
			);
			target = B5A6F03B2F66FEB200B2B2D7 /* YeongeohajaWidgetExtension */;
		};
/* End PBXFileSystemSynchronizedBuildFileExceptionSet section */

/* Begin PBXFileSystemSynchronizedRootGroup section */
		B558E0BB2F623EEE00A126B5 /* endlingo */ = {
			isa = PBXFileSystemSynchronizedRootGroup;
			exceptions = (
				B50C39C52F627ED000A1597E /* Exceptions for "endlingo" folder in "endlingo" target */,
			);
			path = endlingo;
			sourceTree = "<group>";
		};
		B558E0C92F623EEF00A126B5 /* endlingoTests */ = {
			isa = PBXFileSystemSynchronizedRootGroup;
			path = endlingoTests;
			sourceTree = "<group>";
		};
		B558E0D32F623EEF00A126B5 /* endlingoUITests */ = {
			isa = PBXFileSystemSynchronizedRootGroup;
			path = endlingoUITests;
			sourceTree = "<group>";
		};
		B5A6F0422F66FEB200B2B2D7 /* YeongeohajaWidget */ = {
			isa = PBXFileSystemSynchronizedRootGroup;
			exceptions = (
				B5A6F0572F66FEB200B2B2D7 /* Exceptions for "YeongeohajaWidget" folder in "YeongeohajaWidgetExtension" target */,
			);
			path = YeongeohajaWidget;
			sourceTree = "<group>";
		};
/* End PBXFileSystemSynchronizedRootGroup section */

/* Begin PBXFrameworksBuildPhase section */
		B558E0B62F623EEE00A126B5 /* Frameworks */ = {
			isa = PBXFrameworksBuildPhase;
			buildActionMask = 2147483647;
			files = (
				B5F5E66D2F6D847E0075D91A /* GoogleMobileAds in Frameworks */,
				B5DB12922F65C4F000A0599A /* FirebaseAnalytics in Frameworks */,
				B50C39AE2F625C2A00A1597E /* Supabase in Frameworks */,
				B5F5E4852F6D799C0075D91A /* GoogleSignIn in Frameworks */,
			);
			runOnlyForDeploymentPostprocessing = 0;
		};
		B558E0C32F623EEF00A126B5 /* Frameworks */ = {
			isa = PBXFrameworksBuildPhase;
			buildActionMask = 2147483647;
			files = (
			);
			runOnlyForDeploymentPostprocessing = 0;
		};
		B558E0CD2F623EEF00A126B5 /* Frameworks */ = {
			isa = PBXFrameworksBuildPhase;
			buildActionMask = 2147483647;
			files = (
			);
			runOnlyForDeploymentPostprocessing = 0;
		};
		B5A6F0392F66FEB200B2B2D7 /* Frameworks */ = {
			isa = PBXFrameworksBuildPhase;
			buildActionMask = 2147483647;
			files = (
				B5A6F0412F66FEB200B2B2D7 /* SwiftUI.framework in Frameworks */,
				B5A6F03F2F66FEB200B2B2D7 /* WidgetKit.framework in Frameworks */,
			);
			runOnlyForDeploymentPostprocessing = 0;
		};
/* End PBXFrameworksBuildPhase section */

/* Begin PBXGroup section */
		B558E0B02F623EEE00A126B5 = {
			isa = PBXGroup;
			children = (
				B5A6F0592F66FF8200B2B2D7 /* YeongeohajaWidgetExtension.entitlements */,
				B558E0BB2F623EEE00A126B5 /* endlingo */,
				B558E0C92F623EEF00A126B5 /* endlingoTests */,
				B558E0D32F623EEF00A126B5 /* endlingoUITests */,
				B5A6F0422F66FEB200B2B2D7 /* YeongeohajaWidget */,
				B5A6F03D2F66FEB200B2B2D7 /* Frameworks */,
				B558E0BA2F623EEE00A126B5 /* Products */,
			);
			sourceTree = "<group>";
		};
		B558E0BA2F623EEE00A126B5 /* Products */ = {
			isa = PBXGroup;
			children = (
				B558E0B92F623EEE00A126B5 /* endlingo.app */,
				B558E0C62F623EEF00A126B5 /* endlingoTests.xctest */,
				B558E0D02F623EEF00A126B5 /* endlingoUITests.xctest */,
				B5A6F03C2F66FEB200B2B2D7 /* YeongeohajaWidgetExtension.appex */,
			);
			name = Products;
			sourceTree = "<group>";
		};
		B5A6F03D2F66FEB200B2B2D7 /* Frameworks */ = {
			isa = PBXGroup;
			children = (
				B5A6F03E2F66FEB200B2B2D7 /* WidgetKit.framework */,
				B5A6F0402F66FEB200B2B2D7 /* SwiftUI.framework */,
			);
			name = Frameworks;
			sourceTree = "<group>";
		};
/* End PBXGroup section */

/* Begin PBXNativeTarget section */
		B558E0B82F623EEE00A126B5 /* endlingo */ = {
			isa = PBXNativeTarget;
			buildConfigurationList = B558E0DA2F623EEF00A126B5 /* Build configuration list for PBXNativeTarget "endlingo" */;
			buildPhases = (
				B558E0B52F623EEE00A126B5 /* Sources */,
				B558E0B62F623EEE00A126B5 /* Frameworks */,
				B558E0B72F623EEE00A126B5 /* Resources */,
				B5A6F0532F66FEB200B2B2D7 /* Embed Foundation Extensions */,
			);
			buildRules = (
			);
			dependencies = (
				B5A6F0512F66FEB200B2B2D7 /* PBXTargetDependency */,
			);
			fileSystemSynchronizedGroups = (
				B558E0BB2F623EEE00A126B5 /* endlingo */,
			);
			name = endlingo;
			packageProductDependencies = (
				B50C39AD2F625C2A00A1597E /* Supabase */,
				B5DB12912F65C4F000A0599A /* FirebaseAnalytics */,
				B5F5E4842F6D799C0075D91A /* GoogleSignIn */,
				B5F5E66C2F6D847E0075D91A /* GoogleMobileAds */,
			);
			productName = endlingo;
			productReference = B558E0B92F623EEE00A126B5 /* endlingo.app */;
			productType = "com.apple.product-type.application";
		};
		B558E0C52F623EEF00A126B5 /* endlingoTests */ = {
			isa = PBXNativeTarget;
			buildConfigurationList = B558E0DD2F623EEF00A126B5 /* Build configuration list for PBXNativeTarget "endlingoTests" */;
			buildPhases = (
				B558E0C22F623EEF00A126B5 /* Sources */,
				B558E0C32F623EEF00A126B5 /* Frameworks */,
				B558E0C42F623EEF00A126B5 /* Resources */,
			);
			buildRules = (
			);
			dependencies = (
				B558E0C82F623EEF00A126B5 /* PBXTargetDependency */,
			);
			fileSystemSynchronizedGroups = (
				B558E0C92F623EEF00A126B5 /* endlingoTests */,
			);
			name = endlingoTests;
			packageProductDependencies = (
			);
			productName = endlingoTests;
			productReference = B558E0C62F623EEF00A126B5 /* endlingoTests.xctest */;
			productType = "com.apple.product-type.bundle.unit-test";
		};
		B558E0CF2F623EEF00A126B5 /* endlingoUITests */ = {
			isa = PBXNativeTarget;
			buildConfigurationList = B558E0E02F623EEF00A126B5 /* Build configuration list for PBXNativeTarget "endlingoUITests" */;
			buildPhases = (
				B558E0CC2F623EEF00A126B5 /* Sources */,
				B558E0CD2F623EEF00A126B5 /* Frameworks */,
				B558E0CE2F623EEF00A126B5 /* Resources */,
			);
			buildRules = (
			);
			dependencies = (
				B558E0D22F623EEF00A126B5 /* PBXTargetDependency */,
			);
			fileSystemSynchronizedGroups = (
				B558E0D32F623EEF00A126B5 /* endlingoUITests */,
			);
			name = endlingoUITests;
			packageProductDependencies = (
			);
			productName = endlingoUITests;
			productReference = B558E0D02F623EEF00A126B5 /* endlingoUITests.xctest */;
			productType = "com.apple.product-type.bundle.ui-testing";
		};
		B5A6F03B2F66FEB200B2B2D7 /* YeongeohajaWidgetExtension */ = {
			isa = PBXNativeTarget;
			buildConfigurationList = B5A6F0562F66FEB200B2B2D7 /* Build configuration list for PBXNativeTarget "YeongeohajaWidgetExtension" */;
			buildPhases = (
				B5A6F0382F66FEB200B2B2D7 /* Sources */,
				B5A6F0392F66FEB200B2B2D7 /* Frameworks */,
				B5A6F03A2F66FEB200B2B2D7 /* Resources */,
			);
			buildRules = (
			);
			dependencies = (
			);
			fileSystemSynchronizedGroups = (
				B5A6F0422F66FEB200B2B2D7 /* YeongeohajaWidget */,
			);
			name = YeongeohajaWidgetExtension;
			packageProductDependencies = (
			);
			productName = YeongeohajaWidgetExtension;
			productReference = B5A6F03C2F66FEB200B2B2D7 /* YeongeohajaWidgetExtension.appex */;
			productType = "com.apple.product-type.app-extension";
		};
/* End PBXNativeTarget section */

/* Begin PBXProject section */
		B558E0B12F623EEE00A126B5 /* Project object */ = {
			isa = PBXProject;
			attributes = {
				BuildIndependentTargetsInParallel = 1;
				LastSwiftUpdateCheck = 2630;
				LastUpgradeCheck = 2630;
				TargetAttributes = {
					B558E0B82F623EEE00A126B5 = {
						CreatedOnToolsVersion = 26.3;
					};
					B558E0C52F623EEF00A126B5 = {
						CreatedOnToolsVersion = 26.3;
						TestTargetID = B558E0B82F623EEE00A126B5;
					};
					B558E0CF2F623EEF00A126B5 = {
						CreatedOnToolsVersion = 26.3;
						TestTargetID = B558E0B82F623EEE00A126B5;
					};
					B5A6F03B2F66FEB200B2B2D7 = {
						CreatedOnToolsVersion = 26.3;
					};
				};
			};
			buildConfigurationList = B558E0B42F623EEE00A126B5 /* Build configuration list for PBXProject "endlingo" */;
			developmentRegion = ko;
			hasScannedForEncodings = 0;
			knownRegions = (
				ko,
				ja,
				Base,
			);
			mainGroup = B558E0B02F623EEE00A126B5;
			minimizedProjectReferenceProxies = 1;
			packageReferences = (
				B50C39AC2F625C2A00A1597E /* XCRemoteSwiftPackageReference "supabase-swift" */,
				B5DB12902F65C4F000A0599A /* XCRemoteSwiftPackageReference "firebase-ios-sdk" */,
				B5F5E4832F6D799C0075D91A /* XCRemoteSwiftPackageReference "GoogleSignIn-iOS" */,
				B5F5E66B2F6D847E0075D91A /* XCRemoteSwiftPackageReference "swift-package-manager-google-mobile-ads" */,
			);
			preferredProjectObjectVersion = 77;
			productRefGroup = B558E0BA2F623EEE00A126B5 /* Products */;
			projectDirPath = "";
			projectRoot = "";
			targets = (
				B558E0B82F623EEE00A126B5 /* endlingo */,
				B558E0C52F623EEF00A126B5 /* endlingoTests */,
				B558E0CF2F623EEF00A126B5 /* endlingoUITests */,
				B5A6F03B2F66FEB200B2B2D7 /* YeongeohajaWidgetExtension */,
			);
		};
/* End PBXProject section */

/* Begin PBXResourcesBuildPhase section */
		B558E0B72F623EEE00A126B5 /* Resources */ = {
			isa = PBXResourcesBuildPhase;
			buildActionMask = 2147483647;
			files = (
			);
			runOnlyForDeploymentPostprocessing = 0;
		};
		B558E0C42F623EEF00A126B5 /* Resources */ = {
			isa = PBXResourcesBuildPhase;
			buildActionMask = 2147483647;
			files = (
			);
			runOnlyForDeploymentPostprocessing = 0;
		};
		B558E0CE2F623EEF00A126B5 /* Resources */ = {
			isa = PBXResourcesBuildPhase;
			buildActionMask = 2147483647;
			files = (
			);
			runOnlyForDeploymentPostprocessing = 0;
		};
		B5A6F03A2F66FEB200B2B2D7 /* Resources */ = {
			isa = PBXResourcesBuildPhase;
			buildActionMask = 2147483647;
			files = (
			);
			runOnlyForDeploymentPostprocessing = 0;
		};
/* End PBXResourcesBuildPhase section */

/* Begin PBXSourcesBuildPhase section */
		B558E0B52F623EEE00A126B5 /* Sources */ = {
			isa = PBXSourcesBuildPhase;
			buildActionMask = 2147483647;
			files = (
			);
			runOnlyForDeploymentPostprocessing = 0;
		};
		B558E0C22F623EEF00A126B5 /* Sources */ = {
			isa = PBXSourcesBuildPhase;
			buildActionMask = 2147483647;
			files = (
			);
			runOnlyForDeploymentPostprocessing = 0;
		};
		B558E0CC2F623EEF00A126B5 /* Sources */ = {
			isa = PBXSourcesBuildPhase;
			buildActionMask = 2147483647;
			files = (
			);
			runOnlyForDeploymentPostprocessing = 0;
		};
		B5A6F0382F66FEB200B2B2D7 /* Sources */ = {
			isa = PBXSourcesBuildPhase;
			buildActionMask = 2147483647;
			files = (
			);
			runOnlyForDeploymentPostprocessing = 0;
		};
/* End PBXSourcesBuildPhase section */

/* Begin PBXTargetDependency section */
		B558E0C82F623EEF00A126B5 /* PBXTargetDependency */ = {
			isa = PBXTargetDependency;
			target = B558E0B82F623EEE00A126B5 /* endlingo */;
			targetProxy = B558E0C72F623EEF00A126B5 /* PBXContainerItemProxy */;
		};
		B558E0D22F623EEF00A126B5 /* PBXTargetDependency */ = {
			isa = PBXTargetDependency;
			target = B558E0B82F623EEE00A126B5 /* endlingo */;
			targetProxy = B558E0D12F623EEF00A126B5 /* PBXContainerItemProxy */;
		};
		B5A6F0512F66FEB200B2B2D7 /* PBXTargetDependency */ = {
			isa = PBXTargetDependency;
			target = B5A6F03B2F66FEB200B2B2D7 /* YeongeohajaWidgetExtension */;
			targetProxy = B5A6F0502F66FEB200B2B2D7 /* PBXContainerItemProxy */;
		};
/* End PBXTargetDependency section */

/* Begin XCBuildConfiguration section */
		B558E0D82F623EEF00A126B5 /* Debug */ = {
			isa = XCBuildConfiguration;
			buildSettings = {
				ALWAYS_SEARCH_USER_PATHS = NO;
				ASSETCATALOG_COMPILER_GENERATE_SWIFT_ASSET_SYMBOL_EXTENSIONS = YES;
				CLANG_ANALYZER_NONNULL = YES;
				CLANG_ANALYZER_NUMBER_OBJECT_CONVERSION = YES_AGGRESSIVE;
				CLANG_CXX_LANGUAGE_STANDARD = "gnu++20";
				CLANG_ENABLE_MODULES = YES;
				CLANG_ENABLE_OBJC_ARC = YES;
				CLANG_ENABLE_OBJC_WEAK = YES;
				CLANG_WARN_BLOCK_CAPTURE_AUTORELEASING = YES;
				CLANG_WARN_BOOL_CONVERSION = YES;
				CLANG_WARN_COMMA = YES;
				CLANG_WARN_CONSTANT_CONVERSION = YES;
				CLANG_WARN_DEPRECATED_OBJC_IMPLEMENTATIONS = YES;
				CLANG_WARN_DIRECT_OBJC_ISA_USAGE = YES_ERROR;
				CLANG_WARN_DOCUMENTATION_COMMENTS = YES;
				CLANG_WARN_EMPTY_BODY = YES;
				CLANG_WARN_ENUM_CONVERSION = YES;
				CLANG_WARN_INFINITE_RECURSION = YES;
				CLANG_WARN_INT_CONVERSION = YES;
				CLANG_WARN_NON_LITERAL_NULL_CONVERSION = YES;
				CLANG_WARN_OBJC_IMPLICIT_RETAIN_SELF = YES;
				CLANG_WARN_OBJC_LITERAL_CONVERSION = YES;
				CLANG_WARN_OBJC_ROOT_CLASS = YES_ERROR;
				CLANG_WARN_QUOTED_INCLUDE_IN_FRAMEWORK_HEADER = YES;
				CLANG_WARN_RANGE_LOOP_ANALYSIS = YES;
				CLANG_WARN_STRICT_PROTOTYPES = YES;
				CLANG_WARN_SUSPICIOUS_MOVE = YES;
				CLANG_WARN_UNGUARDED_AVAILABILITY = YES_AGGRESSIVE;
				CLANG_WARN_UNREACHABLE_CODE = YES;
				CLANG_WARN__DUPLICATE_METHOD_MATCH = YES;
				COPY_PHASE_STRIP = NO;
				DEBUG_INFORMATION_FORMAT = dwarf;
				DEVELOPMENT_TEAM = 3H6DDR4954;
				ENABLE_STRICT_OBJC_MSGSEND = YES;
				ENABLE_TESTABILITY = YES;
				ENABLE_USER_SCRIPT_SANDBOXING = YES;
				GCC_C_LANGUAGE_STANDARD = gnu17;
				GCC_DYNAMIC_NO_PIC = NO;
				GCC_NO_COMMON_BLOCKS = YES;
				GCC_OPTIMIZATION_LEVEL = 0;
				GCC_PREPROCESSOR_DEFINITIONS = (
					"DEBUG=1",
					"$(inherited)",
				);
				GCC_WARN_64_TO_32_BIT_CONVERSION = YES;
				GCC_WARN_ABOUT_RETURN_TYPE = YES_ERROR;
				GCC_WARN_UNDECLARED_SELECTOR = YES;
				GCC_WARN_UNINITIALIZED_AUTOS = YES_AGGRESSIVE;
				GCC_WARN_UNUSED_FUNCTION = YES;
				GCC_WARN_UNUSED_VARIABLE = YES;
				IPHONEOS_DEPLOYMENT_TARGET = 18.0;
				LOCALIZATION_PREFERS_STRING_CATALOGS = YES;
				MTL_ENABLE_DEBUG_INFO = INCLUDE_SOURCE;
				MTL_FAST_MATH = YES;
				ONLY_ACTIVE_ARCH = YES;
				SDKROOT = iphoneos;
				SWIFT_ACTIVE_COMPILATION_CONDITIONS = "DEBUG $(inherited)";
				SWIFT_OPTIMIZATION_LEVEL = "-Onone";
			};
			name = Debug;
		};
		B558E0D92F623EEF00A126B5 /* Release */ = {
			isa = XCBuildConfiguration;
			buildSettings = {
				ALWAYS_SEARCH_USER_PATHS = NO;
				ASSETCATALOG_COMPILER_GENERATE_SWIFT_ASSET_SYMBOL_EXTENSIONS = YES;
				CLANG_ANALYZER_NONNULL = YES;
				CLANG_ANALYZER_NUMBER_OBJECT_CONVERSION = YES_AGGRESSIVE;
				CLANG_CXX_LANGUAGE_STANDARD = "gnu++20";
				CLANG_ENABLE_MODULES = YES;
				CLANG_ENABLE_OBJC_ARC = YES;
				CLANG_ENABLE_OBJC_WEAK = YES;
				CLANG_WARN_BLOCK_CAPTURE_AUTORELEASING = YES;
				CLANG_WARN_BOOL_CONVERSION = YES;
				CLANG_WARN_COMMA = YES;
				CLANG_WARN_CONSTANT_CONVERSION = YES;
				CLANG_WARN_DEPRECATED_OBJC_IMPLEMENTATIONS = YES;
				CLANG_WARN_DIRECT_OBJC_ISA_USAGE = YES_ERROR;
				CLANG_WARN_DOCUMENTATION_COMMENTS = YES;
				CLANG_WARN_EMPTY_BODY = YES;
				CLANG_WARN_ENUM_CONVERSION = YES;
				CLANG_WARN_INFINITE_RECURSION = YES;
				CLANG_WARN_INT_CONVERSION = YES;
				CLANG_WARN_NON_LITERAL_NULL_CONVERSION = YES;
				CLANG_WARN_OBJC_IMPLICIT_RETAIN_SELF = YES;
				CLANG_WARN_OBJC_LITERAL_CONVERSION = YES;
				CLANG_WARN_OBJC_ROOT_CLASS = YES_ERROR;
				CLANG_WARN_QUOTED_INCLUDE_IN_FRAMEWORK_HEADER = YES;
				CLANG_WARN_RANGE_LOOP_ANALYSIS = YES;
				CLANG_WARN_STRICT_PROTOTYPES = YES;
				CLANG_WARN_SUSPICIOUS_MOVE = YES;
				CLANG_WARN_UNGUARDED_AVAILABILITY = YES_AGGRESSIVE;
				CLANG_WARN_UNREACHABLE_CODE = YES;
				CLANG_WARN__DUPLICATE_METHOD_MATCH = YES;
				COPY_PHASE_STRIP = NO;
				DEBUG_INFORMATION_FORMAT = "dwarf-with-dsym";
				DEVELOPMENT_TEAM = 3H6DDR4954;
				ENABLE_NS_ASSERTIONS = NO;
				ENABLE_STRICT_OBJC_MSGSEND = YES;
				ENABLE_USER_SCRIPT_SANDBOXING = YES;
				GCC_C_LANGUAGE_STANDARD = gnu17;
				GCC_NO_COMMON_BLOCKS = YES;
				GCC_WARN_64_TO_32_BIT_CONVERSION = YES;
				GCC_WARN_ABOUT_RETURN_TYPE = YES_ERROR;
				GCC_WARN_UNDECLARED_SELECTOR = YES;
				GCC_WARN_UNINITIALIZED_AUTOS = YES_AGGRESSIVE;
				GCC_WARN_UNUSED_FUNCTION = YES;
				GCC_WARN_UNUSED_VARIABLE = YES;
				IPHONEOS_DEPLOYMENT_TARGET = 18.0;
				LOCALIZATION_PREFERS_STRING_CATALOGS = YES;
				MTL_ENABLE_DEBUG_INFO = NO;
				MTL_FAST_MATH = YES;
				SDKROOT = iphoneos;
				SWIFT_COMPILATION_MODE = wholemodule;
				VALIDATE_PRODUCT = YES;
			};
			name = Release;
		};
		B558E0DB2F623EEF00A126B5 /* Debug */ = {
			isa = XCBuildConfiguration;
			buildSettings = {
				ASSETCATALOG_COMPILER_APPICON_NAME = AppIcon;
				ASSETCATALOG_COMPILER_GLOBAL_ACCENT_COLOR_NAME = AccentColor;
				CODE_SIGN_ENTITLEMENTS = endlingo/endlingo.entitlements;
				CODE_SIGN_STYLE = Automatic;
				CURRENT_PROJECT_VERSION = 15;
				DEVELOPMENT_TEAM = RT556U3WKT;
				ENABLE_PREVIEWS = YES;
				GENERATE_INFOPLIST_FILE = YES;
				INFOPLIST_FILE = endlingo/Info.plist;
				INFOPLIST_KEY_CFBundleDisplayName = "영어하자";
				INFOPLIST_KEY_ITSAppUsesNonExemptEncryption = NO;
				INFOPLIST_KEY_LSApplicationCategoryType = "public.app-category.education";
				INFOPLIST_KEY_LSSupportsOpeningDocumentsInPlace = NO;
				INFOPLIST_KEY_NSMicrophoneUsageDescription = "영어 문장을 따라 읽고 발음을 확인하기 위해 마이크 접근이 필요합니다.";
				INFOPLIST_KEY_NSSpeechRecognitionUsageDescription = "따라 읽기 기능에서 음성을 텍스트로 변환하기 위해 음성 인식이 필요합니다.";
				INFOPLIST_KEY_UIApplicationSceneManifest_Generation = YES;
				INFOPLIST_KEY_UIApplicationSupportsIndirectInputEvents = YES;
				INFOPLIST_KEY_UISupportedInterfaceOrientations_iPad = "UIInterfaceOrientationPortrait UIInterfaceOrientationPortraitUpsideDown UIInterfaceOrientationLandscapeLeft UIInterfaceOrientationLandscapeRight";
				INFOPLIST_KEY_UISupportedInterfaceOrientations_iPhone = "UIInterfaceOrientationPortrait UIInterfaceOrientationLandscapeLeft UIInterfaceOrientationLandscapeRight";
				LD_RUNPATH_SEARCH_PATHS = (
					"$(inherited)",
					"@executable_path/Frameworks",
				);
				MARKETING_VERSION = 1.3.0;
				PRODUCT_BUNDLE_IDENTIFIER = com.realmasse.yeongeohaja;
				PRODUCT_NAME = "$(TARGET_NAME)";
				STRING_CATALOG_GENERATE_SYMBOLS = YES;
				SWIFT_APPROACHABLE_CONCURRENCY = YES;
				SWIFT_DEFAULT_ACTOR_ISOLATION = MainActor;
				SWIFT_EMIT_LOC_STRINGS = YES;
				SWIFT_UPCOMING_FEATURE_MEMBER_IMPORT_VISIBILITY = YES;
				SWIFT_VERSION = 5.0;
				TARGETED_DEVICE_FAMILY = "1,2";
			};
			name = Debug;
		};
		B558E0DC2F623EEF00A126B5 /* Release */ = {
			isa = XCBuildConfiguration;
			buildSettings = {
				ASSETCATALOG_COMPILER_APPICON_NAME = AppIcon;
				ASSETCATALOG_COMPILER_GLOBAL_ACCENT_COLOR_NAME = AccentColor;
				CODE_SIGN_ENTITLEMENTS = endlingo/endlingo.entitlements;
				CODE_SIGN_STYLE = Automatic;
				CURRENT_PROJECT_VERSION = 15;
				DEVELOPMENT_TEAM = RT556U3WKT;
				ENABLE_PREVIEWS = YES;
				GENERATE_INFOPLIST_FILE = YES;
				INFOPLIST_FILE = endlingo/Info.plist;
				INFOPLIST_KEY_CFBundleDisplayName = "영어하자";
				INFOPLIST_KEY_ITSAppUsesNonExemptEncryption = NO;
				INFOPLIST_KEY_LSApplicationCategoryType = "public.app-category.education";
				INFOPLIST_KEY_LSSupportsOpeningDocumentsInPlace = NO;
				INFOPLIST_KEY_NSMicrophoneUsageDescription = "영어 문장을 따라 읽고 발음을 확인하기 위해 마이크 접근이 필요합니다.";
				INFOPLIST_KEY_NSSpeechRecognitionUsageDescription = "따라 읽기 기능에서 음성을 텍스트로 변환하기 위해 음성 인식이 필요합니다.";
				INFOPLIST_KEY_UIApplicationSceneManifest_Generation = YES;
				INFOPLIST_KEY_UIApplicationSupportsIndirectInputEvents = YES;
				INFOPLIST_KEY_UISupportedInterfaceOrientations_iPad = "UIInterfaceOrientationPortrait UIInterfaceOrientationPortraitUpsideDown UIInterfaceOrientationLandscapeLeft UIInterfaceOrientationLandscapeRight";
				INFOPLIST_KEY_UISupportedInterfaceOrientations_iPhone = "UIInterfaceOrientationPortrait UIInterfaceOrientationLandscapeLeft UIInterfaceOrientationLandscapeRight";
				LD_RUNPATH_SEARCH_PATHS = (
					"$(inherited)",
					"@executable_path/Frameworks",
				);
				MARKETING_VERSION = 1.3.0;
				PRODUCT_BUNDLE_IDENTIFIER = com.realmasse.yeongeohaja;
				PRODUCT_NAME = "$(TARGET_NAME)";
				STRING_CATALOG_GENERATE_SYMBOLS = YES;
				SWIFT_APPROACHABLE_CONCURRENCY = YES;
				SWIFT_DEFAULT_ACTOR_ISOLATION = MainActor;
				SWIFT_EMIT_LOC_STRINGS = YES;
				SWIFT_UPCOMING_FEATURE_MEMBER_IMPORT_VISIBILITY = YES;
				SWIFT_VERSION = 5.0;
				TARGETED_DEVICE_FAMILY = "1,2";
			};
			name = Release;
		};
		B558E0DE2F623EEF00A126B5 /* Debug */ = {
			isa = XCBuildConfiguration;
			buildSettings = {
				BUNDLE_LOADER = "$(TEST_HOST)";
				CODE_SIGN_STYLE = Automatic;
				CURRENT_PROJECT_VERSION = 1;
				DEVELOPMENT_TEAM = 3H6DDR4954;
				GENERATE_INFOPLIST_FILE = YES;
				IPHONEOS_DEPLOYMENT_TARGET = 18.0;
				MARKETING_VERSION = 1.0;
				PRODUCT_BUNDLE_IDENTIFIER = realmasse.endlingoTests;
				PRODUCT_NAME = "$(TARGET_NAME)";
				STRING_CATALOG_GENERATE_SYMBOLS = NO;
				SWIFT_APPROACHABLE_CONCURRENCY = YES;
				SWIFT_EMIT_LOC_STRINGS = NO;
				SWIFT_UPCOMING_FEATURE_MEMBER_IMPORT_VISIBILITY = YES;
				SWIFT_VERSION = 5.0;
				TARGETED_DEVICE_FAMILY = 1;
				TEST_HOST = "$(BUILT_PRODUCTS_DIR)/endlingo.app/$(BUNDLE_EXECUTABLE_FOLDER_PATH)/endlingo";
			};
			name = Debug;
		};
		B558E0DF2F623EEF00A126B5 /* Release */ = {
			isa = XCBuildConfiguration;
			buildSettings = {
				BUNDLE_LOADER = "$(TEST_HOST)";
				CODE_SIGN_STYLE = Automatic;
				CURRENT_PROJECT_VERSION = 1;
				DEVELOPMENT_TEAM = 3H6DDR4954;
				GENERATE_INFOPLIST_FILE = YES;
				IPHONEOS_DEPLOYMENT_TARGET = 18.0;
				MARKETING_VERSION = 1.0;
				PRODUCT_BUNDLE_IDENTIFIER = realmasse.endlingoTests;
				PRODUCT_NAME = "$(TARGET_NAME)";
				STRING_CATALOG_GENERATE_SYMBOLS = NO;
				SWIFT_APPROACHABLE_CONCURRENCY = YES;
				SWIFT_EMIT_LOC_STRINGS = NO;
				SWIFT_UPCOMING_FEATURE_MEMBER_IMPORT_VISIBILITY = YES;
				SWIFT_VERSION = 5.0;
				TARGETED_DEVICE_FAMILY = 1;
				TEST_HOST = "$(BUILT_PRODUCTS_DIR)/endlingo.app/$(BUNDLE_EXECUTABLE_FOLDER_PATH)/endlingo";
			};
			name = Release;
		};
		B558E0E12F623EEF00A126B5 /* Debug */ = {
			isa = XCBuildConfiguration;
			buildSettings = {
				CODE_SIGN_STYLE = Automatic;
				CURRENT_PROJECT_VERSION = 1;
				DEVELOPMENT_TEAM = 3H6DDR4954;
				GENERATE_INFOPLIST_FILE = YES;
				MARKETING_VERSION = 1.0;
				PRODUCT_BUNDLE_IDENTIFIER = realmasse.endlingoUITests;
				PRODUCT_NAME = "$(TARGET_NAME)";
				STRING_CATALOG_GENERATE_SYMBOLS = NO;
				SWIFT_APPROACHABLE_CONCURRENCY = YES;
				SWIFT_EMIT_LOC_STRINGS = NO;
				SWIFT_UPCOMING_FEATURE_MEMBER_IMPORT_VISIBILITY = YES;
				SWIFT_VERSION = 5.0;
				TARGETED_DEVICE_FAMILY = 1;
				TEST_TARGET_NAME = endlingo;
			};
			name = Debug;
		};
		B558E0E22F623EEF00A126B5 /* Release */ = {
			isa = XCBuildConfiguration;
			buildSettings = {
				CODE_SIGN_STYLE = Automatic;
				CURRENT_PROJECT_VERSION = 1;
				DEVELOPMENT_TEAM = 3H6DDR4954;
				GENERATE_INFOPLIST_FILE = YES;
				MARKETING_VERSION = 1.0;
				PRODUCT_BUNDLE_IDENTIFIER = realmasse.endlingoUITests;
				PRODUCT_NAME = "$(TARGET_NAME)";
				STRING_CATALOG_GENERATE_SYMBOLS = NO;
				SWIFT_APPROACHABLE_CONCURRENCY = YES;
				SWIFT_EMIT_LOC_STRINGS = NO;
				SWIFT_UPCOMING_FEATURE_MEMBER_IMPORT_VISIBILITY = YES;
				SWIFT_VERSION = 5.0;
				TARGETED_DEVICE_FAMILY = 1;
				TEST_TARGET_NAME = endlingo;
			};
			name = Release;
		};
		B5A6F0542F66FEB200B2B2D7 /* Debug */ = {
			isa = XCBuildConfiguration;
			buildSettings = {
				ASSETCATALOG_COMPILER_GLOBAL_ACCENT_COLOR_NAME = AccentColor;
				ASSETCATALOG_COMPILER_WIDGET_BACKGROUND_COLOR_NAME = WidgetBackground;
				CODE_SIGN_ENTITLEMENTS = YeongeohajaWidgetExtension.entitlements;
				CODE_SIGN_STYLE = Automatic;
				CURRENT_PROJECT_VERSION = 15;
				DEVELOPMENT_TEAM = RT556U3WKT;
				GENERATE_INFOPLIST_FILE = YES;
				INFOPLIST_FILE = YeongeohajaWidget/Info.plist;
				INFOPLIST_KEY_CFBundleDisplayName = YeongeohajaWidget;
				INFOPLIST_KEY_NSHumanReadableCopyright = "";
				IPHONEOS_DEPLOYMENT_TARGET = 18.6;
				LD_RUNPATH_SEARCH_PATHS = (
					"$(inherited)",
					"@executable_path/Frameworks",
					"@executable_path/../../Frameworks",
				);
				MARKETING_VERSION = 1.3.0;
				PRODUCT_BUNDLE_IDENTIFIER = com.realmasse.yeongeohaja.YeongeohajaWidget;
				PRODUCT_NAME = "$(TARGET_NAME)";
				SKIP_INSTALL = YES;
				STRING_CATALOG_GENERATE_SYMBOLS = YES;
				SWIFT_APPROACHABLE_CONCURRENCY = YES;
				SWIFT_EMIT_LOC_STRINGS = YES;
				SWIFT_UPCOMING_FEATURE_MEMBER_IMPORT_VISIBILITY = YES;
				SWIFT_VERSION = 5.0;
				TARGETED_DEVICE_FAMILY = "1,2";
			};
			name = Debug;
		};
		B5A6F0552F66FEB200B2B2D7 /* Release */ = {
			isa = XCBuildConfiguration;
			buildSettings = {
				ASSETCATALOG_COMPILER_GLOBAL_ACCENT_COLOR_NAME = AccentColor;
				ASSETCATALOG_COMPILER_WIDGET_BACKGROUND_COLOR_NAME = WidgetBackground;
				CODE_SIGN_ENTITLEMENTS = YeongeohajaWidgetExtension.entitlements;
				CODE_SIGN_STYLE = Automatic;
				CURRENT_PROJECT_VERSION = 15;
				DEVELOPMENT_TEAM = RT556U3WKT;
				GENERATE_INFOPLIST_FILE = YES;
				INFOPLIST_FILE = YeongeohajaWidget/Info.plist;
				INFOPLIST_KEY_CFBundleDisplayName = YeongeohajaWidget;
				INFOPLIST_KEY_NSHumanReadableCopyright = "";
				IPHONEOS_DEPLOYMENT_TARGET = 18.6;
				LD_RUNPATH_SEARCH_PATHS = (
					"$(inherited)",
					"@executable_path/Frameworks",
					"@executable_path/../../Frameworks",
				);
				MARKETING_VERSION = 1.3.0;
				PRODUCT_BUNDLE_IDENTIFIER = com.realmasse.yeongeohaja.YeongeohajaWidget;
				PRODUCT_NAME = "$(TARGET_NAME)";
				SKIP_INSTALL = YES;
				STRING_CATALOG_GENERATE_SYMBOLS = YES;
				SWIFT_APPROACHABLE_CONCURRENCY = YES;
				SWIFT_EMIT_LOC_STRINGS = YES;
				SWIFT_UPCOMING_FEATURE_MEMBER_IMPORT_VISIBILITY = YES;
				SWIFT_VERSION = 5.0;
				TARGETED_DEVICE_FAMILY = "1,2";
			};
			name = Release;
		};
/* End XCBuildConfiguration section */

/* Begin XCConfigurationList section */
		B558E0B42F623EEE00A126B5 /* Build configuration list for PBXProject "endlingo" */ = {
			isa = XCConfigurationList;
			buildConfigurations = (
				B558E0D82F623EEF00A126B5 /* Debug */,
				B558E0D92F623EEF00A126B5 /* Release */,
			);
			defaultConfigurationIsVisible = 0;
			defaultConfigurationName = Release;
		};
		B558E0DA2F623EEF00A126B5 /* Build configuration list for PBXNativeTarget "endlingo" */ = {
			isa = XCConfigurationList;
			buildConfigurations = (
				B558E0DB2F623EEF00A126B5 /* Debug */,
				B558E0DC2F623EEF00A126B5 /* Release */,
			);
			defaultConfigurationIsVisible = 0;
			defaultConfigurationName = Release;
		};
		B558E0DD2F623EEF00A126B5 /* Build configuration list for PBXNativeTarget "endlingoTests" */ = {
			isa = XCConfigurationList;
			buildConfigurations = (
				B558E0DE2F623EEF00A126B5 /* Debug */,
				B558E0DF2F623EEF00A126B5 /* Release */,
			);
			defaultConfigurationIsVisible = 0;
			defaultConfigurationName = Release;
		};
		B558E0E02F623EEF00A126B5 /* Build configuration list for PBXNativeTarget "endlingoUITests" */ = {
			isa = XCConfigurationList;
			buildConfigurations = (
				B558E0E12F623EEF00A126B5 /* Debug */,
				B558E0E22F623EEF00A126B5 /* Release */,
			);
			defaultConfigurationIsVisible = 0;
			defaultConfigurationName = Release;
		};
		B5A6F0562F66FEB200B2B2D7 /* Build configuration list for PBXNativeTarget "YeongeohajaWidgetExtension" */ = {
			isa = XCConfigurationList;
			buildConfigurations = (
				B5A6F0542F66FEB200B2B2D7 /* Debug */,
				B5A6F0552F66FEB200B2B2D7 /* Release */,
			);
			defaultConfigurationIsVisible = 0;
			defaultConfigurationName = Release;
		};
/* End XCConfigurationList section */

/* Begin XCRemoteSwiftPackageReference section */
		B50C39AC2F625C2A00A1597E /* XCRemoteSwiftPackageReference "supabase-swift" */ = {
			isa = XCRemoteSwiftPackageReference;
			repositoryURL = "https://github.com/supabase/supabase-swift";
			requirement = {
				kind = upToNextMajorVersion;
				minimumVersion = 2.5.1;
			};
		};
		B5DB12902F65C4F000A0599A /* XCRemoteSwiftPackageReference "firebase-ios-sdk" */ = {
			isa = XCRemoteSwiftPackageReference;
			repositoryURL = "https://github.com/firebase/firebase-ios-sdk.git";
			requirement = {
				kind = upToNextMajorVersion;
				minimumVersion = 12.10.0;
			};
		};
		B5F5E4832F6D799C0075D91A /* XCRemoteSwiftPackageReference "GoogleSignIn-iOS" */ = {
			isa = XCRemoteSwiftPackageReference;
			repositoryURL = "https://github.com/google/GoogleSignIn-iOS";
			requirement = {
				kind = upToNextMajorVersion;
				minimumVersion = 9.1.0;
			};
		};
		B5F5E66B2F6D847E0075D91A /* XCRemoteSwiftPackageReference "swift-package-manager-google-mobile-ads" */ = {
			isa = XCRemoteSwiftPackageReference;
			repositoryURL = "https://github.com/googleads/swift-package-manager-google-mobile-ads";
			requirement = {
				kind = upToNextMajorVersion;
				minimumVersion = 13.1.0;
			};
		};
/* End XCRemoteSwiftPackageReference section */

/* Begin XCSwiftPackageProductDependency section */
		B50C39AD2F625C2A00A1597E /* Supabase */ = {
			isa = XCSwiftPackageProductDependency;
			package = B50C39AC2F625C2A00A1597E /* XCRemoteSwiftPackageReference "supabase-swift" */;
			productName = Supabase;
		};
		B5DB12912F65C4F000A0599A /* FirebaseAnalytics */ = {
			isa = XCSwiftPackageProductDependency;
			package = B5DB12902F65C4F000A0599A /* XCRemoteSwiftPackageReference "firebase-ios-sdk" */;
			productName = FirebaseAnalytics;
		};
		B5F5E4842F6D799C0075D91A /* GoogleSignIn */ = {
			isa = XCSwiftPackageProductDependency;
			package = B5F5E4832F6D799C0075D91A /* XCRemoteSwiftPackageReference "GoogleSignIn-iOS" */;
			productName = GoogleSignIn;
		};
		B5F5E66C2F6D847E0075D91A /* GoogleMobileAds */ = {
			isa = XCSwiftPackageProductDependency;
			package = B5F5E66B2F6D847E0075D91A /* XCRemoteSwiftPackageReference "swift-package-manager-google-mobile-ads" */;
			productName = GoogleMobileAds;
		};
/* End XCSwiftPackageProductDependency section */
	};
	rootObject = B558E0B12F623EEE00A126B5 /* Project object */;
}
